# This file is automatically @generated by Cargo.
# It is not intended for manual editing.
version = 4

[[package]]
name = "jet3"
version = "0.0.0"

[[package]]
name = "jet3-cli"
version = "0.0.0"
dependencies = [
 "jet3",
]

[[package]]
name = "jet3-testkit"
version = "0.0.0"
dependencies = [
 "jet3",
]
